github.com/jpanther/congo/v2 v2.1.2 h1:YmdB778owACl4UaJPuq+bvj4ITdXUklLpAsIbBsTOeU=
github.com/jpanther/congo/v2 v2.1.2/go.mod h1:1S7DRoO1ZYS4YUdFd1LjTkdyjQwsjFWd8TqSfz3Jd+M=
github.com/jpanther/congo/v2 v2.2.0 h1:+NuF5XbEz15yd4GkSOSDUnIY0GRZ1vuunpxbzdVNaiY=
github.com/jpanther/congo/v2 v2.2.0/go.mod h1:1S7DRoO1ZYS4YUdFd1LjTkdyjQwsjFWd8TqSfz3Jd+M=
